
Microsoft Visual Studio Solution File, Format Version 12.00
# Visual Studio Version 16
VisualStudioVersion = 16.0.30002.166
MinimumVisualStudioVersion = 10.0.40219.1
Project("{FAE04EC0-301F-11D3-BF4B-00C04F79EFBC}") = "RestaurantClass", "RestaurantClass\RestaurantClass.csproj", "{87CF8A27-8260-4470-B7B5-5E808B36F76F}"
EndProject
Global
	GlobalSection(SolutionConfigurationPlatforms) = preSolution
		Debug|Any CPU = Debug|Any CPU
		Release|Any CPU = Release|Any CPU
	EndGlobalSection
	GlobalSection(ProjectConfigurationPlatforms) = postSolution
		{87CF8A27-8260-4470-B7B5-5E808B36F76F}.Debug|Any CPU.ActiveCfg = Debug|Any CPU
		{87CF8A27-8260-4470-B7B5-5E808B36F76F}.Debug|Any CPU.Build.0 = Debug|Any CPU
		{87CF8A27-8260-4470-B7B5-5E808B36F76F}.Release|Any CPU.ActiveCfg = Release|Any CPU
		{87CF8A27-8260-4470-B7B5-5E808B36F76F}.Release|Any CPU.Build.0 = Release|Any CPU
	EndGlobalSection
	GlobalSection(SolutionProperties) = preSolution
		HideSolutionNode = FALSE
	EndGlobalSection
	GlobalSection(ExtensibilityGlobals) = postSolution
		SolutionGuid = {79C22506-6485-47B1-82D5-8763CA5F2370}
	EndGlobalSection
EndGlobal
